
Microsoft Visual Studio Solution File, Format Version 11.00
# Visual Studio 2010
<<<<<<< HEAD
Project("{FAE04EC0-301F-11D3-BF4B-00C04F79EFBC}") = "Assembly-CSharp", "Assembly-CSharp.csproj", "{8AB66861-1E03-3FF4-2493-65281139E331}"
=======
Project("{FAE04EC0-301F-11D3-BF4B-00C04F79EFBC}") = "AstarPathfindingProject", "AstarPathfindingProject.csproj", "{5eb933c9-129e-7bef-3871-fc4eeba5039f}"
EndProject
Project("{FAE04EC0-301F-11D3-BF4B-00C04F79EFBC}") = "Assembly-CSharp", "Assembly-CSharp.csproj", "{6168b68a-031e-f43f-2493-65281139e331}"
>>>>>>> e6b4222efd4174d96d712da0e96f423de3e12022
EndProject
Project("{FAE04EC0-301F-11D3-BF4B-00C04F79EFBC}") = "AstarPathfindingProjectEditor", "AstarPathfindingProjectEditor.csproj", "{19142025-9bb7-a8d6-49ab-2ba9fc6c7008}"
EndProject
Project("{FAE04EC0-301F-11D3-BF4B-00C04F79EFBC}") = "PackageToolsEditor", "PackageToolsEditor.csproj", "{98d6ffbb-bb8a-17a2-3e84-7ed03279f1d5}"
EndProject
Global
	GlobalSection(SolutionConfigurationPlatforms) = preSolution
		Debug|Any CPU = Debug|Any CPU
		Release|Any CPU = Release|Any CPU
	EndGlobalSection
	GlobalSection(ProjectConfigurationPlatforms) = postSolution
		{5eb933c9-129e-7bef-3871-fc4eeba5039f}.Debug|Any CPU.ActiveCfg = Debug|Any CPU
		{5eb933c9-129e-7bef-3871-fc4eeba5039f}.Debug|Any CPU.Build.0 = Debug|Any CPU
		{6168b68a-031e-f43f-2493-65281139e331}.Debug|Any CPU.ActiveCfg = Debug|Any CPU
		{6168b68a-031e-f43f-2493-65281139e331}.Debug|Any CPU.Build.0 = Debug|Any CPU
		{19142025-9bb7-a8d6-49ab-2ba9fc6c7008}.Debug|Any CPU.ActiveCfg = Debug|Any CPU
		{19142025-9bb7-a8d6-49ab-2ba9fc6c7008}.Debug|Any CPU.Build.0 = Debug|Any CPU
		{98d6ffbb-bb8a-17a2-3e84-7ed03279f1d5}.Debug|Any CPU.ActiveCfg = Debug|Any CPU
		{98d6ffbb-bb8a-17a2-3e84-7ed03279f1d5}.Debug|Any CPU.Build.0 = Debug|Any CPU
	EndGlobalSection
	GlobalSection(SolutionProperties) = preSolution
		HideSolutionNode = FALSE
	EndGlobalSection
EndGlobal
